// !$*UTF8*$!
{
	archiveVersion = 1;
	classes = {
	};
	objectVersion = 46;
	objects = {

/* Begin PBXBuildFile section */
		8E578B6F1C58AC9000EB6D1E /* main.m in Sources */ = {isa = PBXBuildFile; fileRef = 8E578B6E1C58AC9000EB6D1E /* main.m */; };
		8E578B721C58AC9000EB6D1E /* AppDelegate.m in Sources */ = {isa = PBXBuildFile; fileRef = 8E578B711C58AC9000EB6D1E /* AppDelegate.m */; };
		8E578B751C58AC9000EB6D1E /* ViewController.m in Sources */ = {isa = PBXBuildFile; fileRef = 8E578B741C58AC9000EB6D1E /* ViewController.m */; };
		8E578B781C58AC9000EB6D1E /* Main.storyboard in Resources */ = {isa = PBXBuildFile; fileRef = 8E578B761C58AC9000EB6D1E /* Main.storyboard */; };
		8E578B7A1C58AC9000EB6D1E /* Assets.xcassets in Resources */ = {isa = PBXBuildFile; fileRef = 8E578B791C58AC9000EB6D1E /* Assets.xcassets */; };
		8E578B7D1C58AC9000EB6D1E /* LaunchScreen.storyboard in Resources */ = {isa = PBXBuildFile; fileRef = 8E578B7B1C58AC9000EB6D1E /* LaunchScreen.storyboard */; };
/* End PBXBuildFile section */

/* Begin PBXFileReference section */
		8E578B6A1C58AC9000EB6D1E /* 判断控件是否重叠.app */ = {isa = PBXFileReference; explicitFileType = wrapper.application; includeInIndex = 0; path = "判断控件是否重叠.app"; sourceTree = BUILT_PRODUCTS_DIR; };
		8E578B6E1C58AC9000EB6D1E /* main.m */ = {isa = PBXFileReference; lastKnownFileType = sourcecode.c.objc; path = main.m; sourceTree = "<group>"; };
		8E578B701C58AC9000EB6D1E /* AppDelegate.h */ = {isa = PBXFileReference; lastKnownFileType = sourcecode.c.h; path = AppDelegate.h; sourceTree = "<group>"; };
		8E578B711C58AC9000EB6D1E /* AppDelegate.m */ = {isa = PBXFileReference; lastKnownFileType = sourcecode.c.objc; path = AppDelegate.m; sourceTree = "<group>"; };
		8E578B731C58AC9000EB6D1E /* ViewController.h */ = {isa = PBXFileReference; lastKnownFileType = sourcecode.c.h; path = ViewController.h; sourceTree = "<group>"; };
		8E578B741C58AC9000EB6D1E /* ViewController.m */ = {isa = PBXFileReference; lastKnownFileType = sourcecode.c.objc; path = ViewController.m; sourceTree = "<group>"; };
		8E578B771C58AC9000EB6D1E /* Base */ = {isa = PBXFileReference; lastKnownFileType = file.storyboard; name = Base; path = Base.lproj/Main.storyboard; sourceTree = "<group>"; };
		8E578B791C58AC9000EB6D1E /* Assets.xcassets */ = {isa = PBXFileReference; lastKnownFileType = folder.assetcatalog; path = Assets.xcassets; sourceTree = "<group>"; };
		8E578B7C1C58AC9000EB6D1E /* Base */ = {isa = PBXFileReference; lastKnownFileType = file.storyboard; name = Base; path = Base.lproj/LaunchScreen.storyboard; sourceTree = "<group>"; };
		8E578B7E1C58AC9000EB6D1E /* Info.plist */ = {isa = PBXFileReference; lastKnownFileType = text.plist.xml; path = Info.plist; sourceTree = "<group>"; };
/* End PBXFileReference section */

/* Begin PBXFrameworksBuildPhase section */
		8E578B671C58AC9000EB6D1E /* Frameworks */ = {
			isa = PBXFrameworksBuildPhase;
			buildActionMask = 2147483647;
			files = (
			);
			runOnlyForDeploymentPostprocessing = 0;
		};
/* End PBXFrameworksBuildPhase section */

/* Begin PBXGroup section */
		8E578B611C58AC9000EB6D1E = {
			isa = PBXGroup;
			children = (
				8E578B6C1C58AC9000EB6D1E /* 判断控件是否重叠 */,
				8E578B6B1C58AC9000EB6D1E /* Products */,
			);
			sourceTree = "<group>";
		};
		8E578B6B1C58AC9000EB6D1E /* Products */ = {
			isa = PBXGroup;
			children = (
				8E578B6A1C58AC9000EB6D1E /* 判断控件是否重叠.app */,
			);
			name = Products;
			sourceTree = "<group>";
		};
		8E578B6C1C58AC9000EB6D1E /* 判断控件是否重叠 */ = {
			isa = PBXGroup;
			children = (
				8E578B701C58AC9000EB6D1E /* AppDelegate.h */,
				8E578B711C58AC9000EB6D1E /* AppDelegate.m */,
				8E578B731C58AC9000EB6D1E /* ViewController.h */,
				8E578B741C58AC9000EB6D1E /* ViewController.m */,
				8E578B761C58AC9000EB6D1E /* Main.storyboard */,
				8E578B791C58AC9000EB6D1E /* Assets.xcassets */,
				8E578B7B1C58AC9000EB6D1E /* LaunchScreen.storyboard */,
				8E578B7E1C58AC9000EB6D1E /* Info.plist */,
				8E578B6D1C58AC9000EB6D1E /* Supporting Files */,
			);
			path = "判断控件是否重叠";
			sourceTree = "<group>";
		};
		8E578B6D1C58AC9000EB6D1E /* Supporting Files */ = {
			isa = PBXGroup;
			children = (
				8E578B6E1C58AC9000EB6D1E /* main.m */,
			);
			name = "Supporting Files";
			sourceTree = "<group>";
		};
/* End PBXGroup section */

/* Begin PBXNativeTarget section */
		8E578B691C58AC9000EB6D1E /* 判断控件是否重叠 */ = {
			isa = PBXNativeTarget;
			buildConfigurationList = 8E578B811C58AC9000EB6D1E /* Build configuration list for PBXNativeTarget "判断控件是否重叠" */;
			buildPhases = (
				8E578B661C58AC9000EB6D1E /* Sources */,
				8E578B671C58AC9000EB6D1E /* Frameworks */,
				8E578B681C58AC9000EB6D1E /* Resources */,
			);
			buildRules = (
			);
			dependencies = (
			);
			name = "判断控件是否重叠";
			productName = "判断控件是否重叠";
			productReference = 8E578B6A1C58AC9000EB6D1E /* 判断控件是否重叠.app */;
			productType = "com.apple.product-type.application";
		};
/* End PBXNativeTarget section */

/* Begin PBXProject section */
		8E578B621C58AC9000EB6D1E /* Project object */ = {
			isa = PBXProject;
			attributes = {
				LastUpgradeCheck = 0720;
				ORGANIZATIONNAME = xiaomage;
				TargetAttributes = {
					8E578B691C58AC9000EB6D1E = {
						CreatedOnToolsVersion = 7.2;
					};
				};
			};
			buildConfigurationList = 8E578B651C58AC9000EB6D1E /* Build configuration list for PBXProject "判断控件是否重叠" */;
			compatibilityVersion = "Xcode 3.2";
			developmentRegion = English;
			hasScannedForEncodings = 0;
			knownRegions = (
				en,
				Base,
			);
			mainGroup = 8E578B611C58AC9000EB6D1E;
			productRefGroup = 8E578B6B1C58AC9000EB6D1E /* Products */;
			projectDirPath = "";
			projectRoot = "";
			targets = (
				8E578B691C58AC9000EB6D1E /* 判断控件是否重叠 */,
			);
		};
/* End PBXProject section */

/* Begin PBXResourcesBuildPhase section */
		8E578B681C58AC9000EB6D1E /* Resources */ = {
			isa = PBXResourcesBuildPhase;
			buildActionMask = 2147483647;
			files = (
				8E578B7D1C58AC9000EB6D1E /* LaunchScreen.storyboard in Resources */,
				8E578B7A1C58AC9000EB6D1E /* Assets.xcassets in Resources */,
				8E578B781C58AC9000EB6D1E /* Main.storyboard in Resources */,
			);
			runOnlyForDeploymentPostprocessing = 0;
		};
/* End PBXResourcesBuildPhase section */

/* Begin PBXSourcesBuildPhase section */
		8E578B661C58AC9000EB6D1E /* Sources */ = {
			isa = PBXSourcesBuildPhase;
			buildActionMask = 2147483647;
			files = (
				8E578B751C58AC9000EB6D1E /* ViewController.m in Sources */,
				8E578B721C58AC9000EB6D1E /* AppDelegate.m in Sources */,
				8E578B6F1C58AC9000EB6D1E /* main.m in Sources */,
			);
			runOnlyForDeploymentPostprocessing = 0;
		};
/* End PBXSourcesBuildPhase section */

/* Begin PBXVariantGroup section */
		8E578B761C58AC9000EB6D1E /* Main.storyboard */ = {
			isa = PBXVariantGroup;
			children = (
				8E578B771C58AC9000EB6D1E /* Base */,
			);
			name = Main.storyboard;
			sourceTree = "<group>";
		};
		8E578B7B1C58AC9000EB6D1E /* LaunchScreen.storyboard */ = {
			isa = PBXVariantGroup;
			children = (
				8E578B7C1C58AC9000EB6D1E /* Base */,
			);
			name = LaunchScreen.storyboard;
			sourceTree = "<group>";
		};
/* End PBXVariantGroup section */

/* Begin XCBuildConfiguration section */
		8E578B7F1C58AC9000EB6D1E /* Debug */ = {
			isa = XCBuildConfiguration;
			buildSettings = {
				ALWAYS_SEARCH_USER_PATHS = NO;
				CLANG_CXX_LANGUAGE_STANDARD = "gnu++0x";
				CLANG_CXX_LIBRARY = "libc++";
				CLANG_ENABLE_MODULES = YES;
				CLANG_ENABLE_OBJC_ARC = YES;
				CLANG_WARN_BOOL_CONVERSION = YES;
				CLANG_WARN_CONSTANT_CONVERSION = YES;
				CLANG_WARN_DIRECT_OBJC_ISA_USAGE = YES_ERROR;
				CLANG_WARN_EMPTY_BODY = YES;
				CLANG_WARN_ENUM_CONVERSION = YES;
				CLANG_WARN_INT_CONVERSION = YES;
				CLANG_WARN_OBJC_ROOT_CLASS = YES_ERROR;
				CLANG_WARN_UNREACHABLE_CODE = YES;
				CLANG_WARN__DUPLICATE_METHOD_MATCH = YES;
				"CODE_SIGN_IDENTITY[sdk=iphoneos*]" = "iPhone Developer";
				COPY_PHASE_STRIP = NO;
				DEBUG_INFORMATION_FORMAT = dwarf;
				ENABLE_STRICT_OBJC_MSGSEND = YES;
				ENABLE_TESTABILITY = YES;
				GCC_C_LANGUAGE_STANDARD = gnu99;
				GCC_DYNAMIC_NO_PIC = NO;
				GCC_NO_COMMON_BLOCKS = YES;
				GCC_OPTIMIZATION_LEVEL = 0;
				GCC_PREPROCESSOR_DEFINITIONS = (
					"DEBUG=1",
					"$(inherited)",
				);
				GCC_WARN_64_TO_32_BIT_CONVERSION = YES;
				GCC_WARN_ABOUT_RETURN_TYPE = YES_ERROR;
				GCC_WARN_UNDECLARED_SELECTOR = YES;
				GCC_WARN_UNINITIALIZED_AUTOS = YES_AGGRESSIVE;
				GCC_WARN_UNUSED_FUNCTION = YES;
				GCC_WARN_UNUSED_VARIABLE = YES;
				IPHONEOS_DEPLOYMENT_TARGET = 9.2;
				MTL_ENABLE_DEBUG_INFO = YES;
				ONLY_ACTIVE_ARCH = YES;
				SDKROOT = iphoneos;
			};
			name = Debug;
		};
		8E578B801C58AC9000EB6D1E /* Release */ = {
			isa = XCBuildConfiguration;
			buildSettings = {
				ALWAYS_SEARCH_USER_PATHS = NO;
				CLANG_CXX_LANGUAGE_STANDARD = "gnu++0x";
				CLANG_CXX_LIBRARY = "libc++";
				CLANG_ENABLE_MODULES = YES;
				CLANG_ENABLE_OBJC_ARC = YES;
				CLANG_WARN_BOOL_CONVERSION = YES;
				CLANG_WARN_CONSTANT_CONVERSION = YES;
				CLANG_WARN_DIRECT_OBJC_ISA_USAGE = YES_ERROR;
				CLANG_WARN_EMPTY_BODY = YES;
				CLANG_WARN_ENUM_CONVERSION = YES;
				CLANG_WARN_INT_CONVERSION = YES;
				CLANG_WARN_OBJC_ROOT_CLASS = YES_ERROR;
				CLANG_WARN_UNREACHABLE_CODE = YES;
				CLANG_WARN__DUPLICATE_METHOD_MATCH = YES;
				"CODE_SIGN_IDENTITY[sdk=iphoneos*]" = "iPhone Developer";
				COPY_PHASE_STRIP = NO;
				DEBUG_INFORMATION_FORMAT = "dwarf-with-dsym";
				ENABLE_NS_ASSERTIONS = NO;
				ENABLE_STRICT_OBJC_MSGSEND = YES;
				GCC_C_LANGUAGE_STANDARD = gnu99;
				GCC_NO_COMMON_BLOCKS = YES;
				GCC_WARN_64_TO_32_BIT_CONVERSION = YES;
				GCC_WARN_ABOUT_RETURN_TYPE = YES_ERROR;
				GCC_WARN_UNDECLARED_SELECTOR = YES;
				GCC_WARN_UNINITIALIZED_AUTOS = YES_AGGRESSIVE;
				GCC_WARN_UNUSED_FUNCTION = YES;
				GCC_WARN_UNUSED_VARIABLE = YES;
				IPHONEOS_DEPLOYMENT_TARGET = 9.2;
				MTL_ENABLE_DEBUG_INFO = NO;
				SDKROOT = iphoneos;
				VALIDATE_PRODUCT = YES;
			};
			name = Release;
		};
		8E578B821C58AC9000EB6D1E /* Debug */ = {
			isa = XCBuildConfiguration;
			buildSettings = {
				ASSETCATALOG_COMPILER_APPICON_NAME = AppIcon;
				INFOPLIST_FILE = "判断控件是否重叠/Info.plist";
				LD_RUNPATH_SEARCH_PATHS = "$(inherited) @executable_path/Frameworks";
				PRODUCT_BUNDLE_IDENTIFIER = "com.--------";
				PRODUCT_NAME = "$(TARGET_NAME)";
			};
			name = Debug;
		};
		8E578B831C58AC9000EB6D1E /* Release */ = {
			isa = XCBuildConfiguration;
			buildSettings = {
				ASSETCATALOG_COMPILER_APPICON_NAME = AppIcon;
				INFOPLIST_FILE = "判断控件是否重叠/Info.plist";
				LD_RUNPATH_SEARCH_PATHS = "$(inherited) @executable_path/Frameworks";
				PRODUCT_BUNDLE_IDENTIFIER = "com.--------";
				PRODUCT_NAME = "$(TARGET_NAME)";
			};
			name = Release;
		};
/* End XCBuildConfiguration section */

/* Begin XCConfigurationList section */
		8E578B651C58AC9000EB6D1E /* Build configuration list for PBXProject "判断控件是否重叠" */ = {
			isa = XCConfigurationList;
			buildConfigurations = (
				8E578B7F1C58AC9000EB6D1E /* Debug */,
				8E578B801C58AC9000EB6D1E /* Release */,
			);
			defaultConfigurationIsVisible = 0;
			defaultConfigurationName = Release;
		};
		8E578B811C58AC9000EB6D1E /* Build configuration list for PBXNativeTarget "判断控件是否重叠" */ = {
			isa = XCConfigurationList;
			buildConfigurations = (
				8E578B821C58AC9000EB6D1E /* Debug */,
				8E578B831C58AC9000EB6D1E /* Release */,
			);
			defaultConfigurationIsVisible = 0;
		};
/* End XCConfigurationList section */
	};
	rootObject = 8E578B621C58AC9000EB6D1E /* Project object */;
}
